// !$*UTF8*$!
{
	archiveVersion = 1;
	classes = {
	};
	objectVersion = 56;
	objects = {

/* Begin PBXBuildFile section */
		29EB39A82BDF806C007744DD /* NetworkConstant.swift in Sources */ = {isa = PBXBuildFile; fileRef = 29EB39A72BDF806C007744DD /* NetworkConstant.swift */; };
		29EB39AA2BDF8241007744DD /* APICaller.swift in Sources */ = {isa = PBXBuildFile; fileRef = 29EB39A92BDF8241007744DD /* APICaller.swift */; };
		29EB39AC2BDF8292007744DD /* TrendingMoviesModel.swift in Sources */ = {isa = PBXBuildFile; fileRef = 29EB39AB2BDF8292007744DD /* TrendingMoviesModel.swift */; };
		29EB39AE2BDF8748007744DD /* Observable.swift in Sources */ = {isa = PBXBuildFile; fileRef = 29EB39AD2BDF8748007744DD /* Observable.swift */; };
		29FE2EB92BDA3A55008F40A4 /* AppDelegate.swift in Sources */ = {isa = PBXBuildFile; fileRef = 29FE2EB82BDA3A55008F40A4 /* AppDelegate.swift */; };
		29FE2EC22BDA3A57008F40A4 /* Assets.xcassets in Resources */ = {isa = PBXBuildFile; fileRef = 29FE2EC12BDA3A57008F40A4 /* Assets.xcassets */; };
		29FE2EC52BDA3A57008F40A4 /* LaunchScreen.storyboard in Resources */ = {isa = PBXBuildFile; fileRef = 29FE2EC32BDA3A57008F40A4 /* LaunchScreen.storyboard */; };
		29FE2EDA2BDA42EF008F40A4 /* MainViewController.xib in Resources */ = {isa = PBXBuildFile; fileRef = 29FE2ED82BDA42EF008F40A4 /* MainViewController.xib */; };
		29FE2EDB2BDA42EF008F40A4 /* MainViewController.swift in Sources */ = {isa = PBXBuildFile; fileRef = 29FE2ED92BDA42EF008F40A4 /* MainViewController.swift */; };
		29FE2EE52BDB9302008F40A4 /* MainViewController+TableView.swift in Sources */ = {isa = PBXBuildFile; fileRef = 29FE2EE42BDB9302008F40A4 /* MainViewController+TableView.swift */; };
		29FE2EE72BDB98DA008F40A4 /* MainViewModel.swift in Sources */ = {isa = PBXBuildFile; fileRef = 29FE2EE62BDB98DA008F40A4 /* MainViewModel.swift */; };
/* End PBXBuildFile section */

/* Begin PBXFileReference section */
		29EB39A72BDF806C007744DD /* NetworkConstant.swift */ = {isa = PBXFileReference; lastKnownFileType = sourcecode.swift; path = NetworkConstant.swift; sourceTree = "<group>"; };
		29EB39A92BDF8241007744DD /* APICaller.swift */ = {isa = PBXFileReference; lastKnownFileType = sourcecode.swift; path = APICaller.swift; sourceTree = "<group>"; };
		29EB39AB2BDF8292007744DD /* TrendingMoviesModel.swift */ = {isa = PBXFileReference; lastKnownFileType = sourcecode.swift; path = TrendingMoviesModel.swift; sourceTree = "<group>"; };
		29EB39AD2BDF8748007744DD /* Observable.swift */ = {isa = PBXFileReference; lastKnownFileType = sourcecode.swift; path = Observable.swift; sourceTree = "<group>"; };
		29FE2EB52BDA3A55008F40A4 /* MovieList-MVVM.app */ = {isa = PBXFileReference; explicitFileType = wrapper.application; includeInIndex = 0; path = "MovieList-MVVM.app"; sourceTree = BUILT_PRODUCTS_DIR; };
		29FE2EB82BDA3A55008F40A4 /* AppDelegate.swift */ = {isa = PBXFileReference; lastKnownFileType = sourcecode.swift; path = AppDelegate.swift; sourceTree = "<group>"; };
		29FE2EC12BDA3A57008F40A4 /* Assets.xcassets */ = {isa = PBXFileReference; lastKnownFileType = folder.assetcatalog; path = Assets.xcassets; sourceTree = "<group>"; };
		29FE2EC42BDA3A57008F40A4 /* Base */ = {isa = PBXFileReference; lastKnownFileType = file.storyboard; name = Base; path = Base.lproj/LaunchScreen.storyboard; sourceTree = "<group>"; };
		29FE2EC62BDA3A57008F40A4 /* Info.plist */ = {isa = PBXFileReference; lastKnownFileType = text.plist.xml; path = Info.plist; sourceTree = "<group>"; };
		29FE2ED82BDA42EF008F40A4 /* MainViewController.xib */ = {isa = PBXFileReference; fileEncoding = 4; lastKnownFileType = file.xib; path = MainViewController.xib; sourceTree = "<group>"; };
		29FE2ED92BDA42EF008F40A4 /* MainViewController.swift */ = {isa = PBXFileReference; fileEncoding = 4; lastKnownFileType = sourcecode.swift; path = MainViewController.swift; sourceTree = "<group>"; };
		29FE2EE42BDB9302008F40A4 /* MainViewController+TableView.swift */ = {isa = PBXFileReference; lastKnownFileType = sourcecode.swift; path = "MainViewController+TableView.swift"; sourceTree = "<group>"; };
		29FE2EE62BDB98DA008F40A4 /* MainViewModel.swift */ = {isa = PBXFileReference; lastKnownFileType = sourcecode.swift; path = MainViewModel.swift; sourceTree = "<group>"; };
/* End PBXFileReference section */

/* Begin PBXFrameworksBuildPhase section */
		29FE2EB22BDA3A55008F40A4 /* Frameworks */ = {
			isa = PBXFrameworksBuildPhase;
			buildActionMask = 2147483647;
			files = (
			);
			runOnlyForDeploymentPostprocessing = 0;
		};
/* End PBXFrameworksBuildPhase section */

/* Begin PBXGroup section */
		29FE2EAC2BDA3A55008F40A4 = {
			isa = PBXGroup;
			children = (
				29FE2EB72BDA3A55008F40A4 /* MovieList-MVVM */,
				29FE2EB62BDA3A55008F40A4 /* Products */,
			);
			sourceTree = "<group>";
		};
		29FE2EB62BDA3A55008F40A4 /* Products */ = {
			isa = PBXGroup;
			children = (
				29FE2EB52BDA3A55008F40A4 /* MovieList-MVVM.app */,
			);
			name = Products;
			sourceTree = "<group>";
		};
		29FE2EB72BDA3A55008F40A4 /* MovieList-MVVM */ = {
			isa = PBXGroup;
			children = (
				29FE2EB82BDA3A55008F40A4 /* AppDelegate.swift */,
				29FE2EE32BDA439C008F40A4 /* Networking */,
				29FE2EE22BDA438A008F40A4 /* Extensions */,
				29FE2EE02BDA4370008F40A4 /* Classes */,
				29FE2EDF2BDA4368008F40A4 /* Model */,
				29FE2EDE2BDA435A008F40A4 /* Controllers */,
				29FE2EDD2BDA4348008F40A4 /* ViewModel */,
				29FE2EDC2BDA4339008F40A4 /* View */,
				29FE2EE12BDA4380008F40A4 /* Resources */,
				29FE2EC32BDA3A57008F40A4 /* LaunchScreen.storyboard */,
				29FE2EC62BDA3A57008F40A4 /* Info.plist */,
			);
			path = "MovieList-MVVM";
			sourceTree = "<group>";
		};
		29FE2ED72BDA42EF008F40A4 /* MainViewController */ = {
			isa = PBXGroup;
			children = (
				29FE2ED82BDA42EF008F40A4 /* MainViewController.xib */,
				29FE2ED92BDA42EF008F40A4 /* MainViewController.swift */,
				29FE2EE42BDB9302008F40A4 /* MainViewController+TableView.swift */,
			);
			path = MainViewController;
			sourceTree = "<group>";
		};
		29FE2EDC2BDA4339008F40A4 /* View */ = {
			isa = PBXGroup;
			children = (
			);
			path = View;
			sourceTree = "<group>";
		};
		29FE2EDD2BDA4348008F40A4 /* ViewModel */ = {
			isa = PBXGroup;
			children = (
				29FE2EE62BDB98DA008F40A4 /* MainViewModel.swift */,
			);
			path = ViewModel;
			sourceTree = "<group>";
		};
		29FE2EDE2BDA435A008F40A4 /* Controllers */ = {
			isa = PBXGroup;
			children = (
				29FE2ED72BDA42EF008F40A4 /* MainViewController */,
			);
			path = Controllers;
			sourceTree = "<group>";
		};
		29FE2EDF2BDA4368008F40A4 /* Model */ = {
			isa = PBXGroup;
			children = (
				29EB39AB2BDF8292007744DD /* TrendingMoviesModel.swift */,
			);
			path = Model;
			sourceTree = "<group>";
		};
		29FE2EE02BDA4370008F40A4 /* Classes */ = {
			isa = PBXGroup;
			children = (
				29EB39AD2BDF8748007744DD /* Observable.swift */,
			);
			path = Classes;
			sourceTree = "<group>";
		};
		29FE2EE12BDA4380008F40A4 /* Resources */ = {
			isa = PBXGroup;
			children = (
				29FE2EC12BDA3A57008F40A4 /* Assets.xcassets */,
			);
			path = Resources;
			sourceTree = "<group>";
		};
		29FE2EE22BDA438A008F40A4 /* Extensions */ = {
			isa = PBXGroup;
			children = (
			);
			path = Extensions;
			sourceTree = "<group>";
		};
		29FE2EE32BDA439C008F40A4 /* Networking */ = {
			isa = PBXGroup;
			children = (
				29EB39A72BDF806C007744DD /* NetworkConstant.swift */,
				29EB39A92BDF8241007744DD /* APICaller.swift */,
			);
			path = Networking;
			sourceTree = "<group>";
		};
/* End PBXGroup section */

/* Begin PBXNativeTarget section */
		29FE2EB42BDA3A55008F40A4 /* MovieList-MVVM */ = {
			isa = PBXNativeTarget;
			buildConfigurationList = 29FE2EC92BDA3A57008F40A4 /* Build configuration list for PBXNativeTarget "MovieList-MVVM" */;
			buildPhases = (
				29FE2EB12BDA3A55008F40A4 /* Sources */,
				29FE2EB22BDA3A55008F40A4 /* Frameworks */,
				29FE2EB32BDA3A55008F40A4 /* Resources */,
			);
			buildRules = (
			);
			dependencies = (
			);
			name = "MovieList-MVVM";
			productName = "MovieList-MVVM";
			productReference = 29FE2EB52BDA3A55008F40A4 /* MovieList-MVVM.app */;
			productType = "com.apple.product-type.application";
		};
/* End PBXNativeTarget section */

/* Begin PBXProject section */
		29FE2EAD2BDA3A55008F40A4 /* Project object */ = {
			isa = PBXProject;
			attributes = {
				BuildIndependentTargetsInParallel = 1;
				LastSwiftUpdateCheck = 1430;
				LastUpgradeCheck = 1430;
				TargetAttributes = {
					29FE2EB42BDA3A55008F40A4 = {
						CreatedOnToolsVersion = 14.3.1;
					};
				};
			};
			buildConfigurationList = 29FE2EB02BDA3A55008F40A4 /* Build configuration list for PBXProject "MovieList-MVVM" */;
			compatibilityVersion = "Xcode 14.0";
			developmentRegion = en;
			hasScannedForEncodings = 0;
			knownRegions = (
				en,
				Base,
			);
			mainGroup = 29FE2EAC2BDA3A55008F40A4;
			productRefGroup = 29FE2EB62BDA3A55008F40A4 /* Products */;
			projectDirPath = "";
			projectRoot = "";
			targets = (
				29FE2EB42BDA3A55008F40A4 /* MovieList-MVVM */,
			);
		};
/* End PBXProject section */

/* Begin PBXResourcesBuildPhase section */
		29FE2EB32BDA3A55008F40A4 /* Resources */ = {
			isa = PBXResourcesBuildPhase;
			buildActionMask = 2147483647;
			files = (
				29FE2EC52BDA3A57008F40A4 /* LaunchScreen.storyboard in Resources */,
				29FE2EC22BDA3A57008F40A4 /* Assets.xcassets in Resources */,
				29FE2EDA2BDA42EF008F40A4 /* MainViewController.xib in Resources */,
			);
			runOnlyForDeploymentPostprocessing = 0;
		};
/* End PBXResourcesBuildPhase section */

/* Begin PBXSourcesBuildPhase section */
		29FE2EB12BDA3A55008F40A4 /* Sources */ = {
			isa = PBXSourcesBuildPhase;
			buildActionMask = 2147483647;
			files = (
				29EB39AE2BDF8748007744DD /* Observable.swift in Sources */,
				29EB39A82BDF806C007744DD /* NetworkConstant.swift in Sources */,
				29EB39AA2BDF8241007744DD /* APICaller.swift in Sources */,
				29FE2EDB2BDA42EF008F40A4 /* MainViewController.swift in Sources */,
				29FE2EE52BDB9302008F40A4 /* MainViewController+TableView.swift in Sources */,
				29FE2EB92BDA3A55008F40A4 /* AppDelegate.swift in Sources */,
				29FE2EE72BDB98DA008F40A4 /* MainViewModel.swift in Sources */,
				29EB39AC2BDF8292007744DD /* TrendingMoviesModel.swift in Sources */,
			);
			runOnlyForDeploymentPostprocessing = 0;
		};
/* End PBXSourcesBuildPhase section */

/* Begin PBXVariantGroup section */
		29FE2EC32BDA3A57008F40A4 /* LaunchScreen.storyboard */ = {
			isa = PBXVariantGroup;
			children = (
				29FE2EC42BDA3A57008F40A4 /* Base */,
			);
			name = LaunchScreen.storyboard;
			sourceTree = "<group>";
		};
/* End PBXVariantGroup section */

/* Begin XCBuildConfiguration section */
		29FE2EC72BDA3A57008F40A4 /* Debug */ = {
			isa = XCBuildConfiguration;
			buildSettings = {
				ALWAYS_SEARCH_USER_PATHS = NO;
				CLANG_ANALYZER_NONNULL = YES;
				CLANG_ANALYZER_NUMBER_OBJECT_CONVERSION = YES_AGGRESSIVE;
				CLANG_CXX_LANGUAGE_STANDARD = "gnu++20";
				CLANG_ENABLE_MODULES = YES;
				CLANG_ENABLE_OBJC_ARC = YES;
				CLANG_ENABLE_OBJC_WEAK = YES;
				CLANG_WARN_BLOCK_CAPTURE_AUTORELEASING = YES;
				CLANG_WARN_BOOL_CONVERSION = YES;
				CLANG_WARN_COMMA = YES;
				CLANG_WARN_CONSTANT_CONVERSION = YES;
				CLANG_WARN_DEPRECATED_OBJC_IMPLEMENTATIONS = YES;
				CLANG_WARN_DIRECT_OBJC_ISA_USAGE = YES_ERROR;
				CLANG_WARN_DOCUMENTATION_COMMENTS = YES;
				CLANG_WARN_EMPTY_BODY = YES;
				CLANG_WARN_ENUM_CONVERSION = YES;
				CLANG_WARN_INFINITE_RECURSION = YES;
				CLANG_WARN_INT_CONVERSION = YES;
				CLANG_WARN_NON_LITERAL_NULL_CONVERSION = YES;
				CLANG_WARN_OBJC_IMPLICIT_RETAIN_SELF = YES;
				CLANG_WARN_OBJC_LITERAL_CONVERSION = YES;
				CLANG_WARN_OBJC_ROOT_CLASS = YES_ERROR;
				CLANG_WARN_QUOTED_INCLUDE_IN_FRAMEWORK_HEADER = YES;
				CLANG_WARN_RANGE_LOOP_ANALYSIS = YES;
				CLANG_WARN_STRICT_PROTOTYPES = YES;
				CLANG_WARN_SUSPICIOUS_MOVE = YES;
				CLANG_WARN_UNGUARDED_AVAILABILITY = YES_AGGRESSIVE;
				CLANG_WARN_UNREACHABLE_CODE = YES;
				CLANG_WARN__DUPLICATE_METHOD_MATCH = YES;
				COPY_PHASE_STRIP = NO;
				DEBUG_INFORMATION_FORMAT = dwarf;
				ENABLE_STRICT_OBJC_MSGSEND = YES;
				ENABLE_TESTABILITY = YES;
				GCC_C_LANGUAGE_STANDARD = gnu11;
				GCC_DYNAMIC_NO_PIC = NO;
				GCC_NO_COMMON_BLOCKS = YES;
				GCC_OPTIMIZATION_LEVEL = 0;
				GCC_PREPROCESSOR_DEFINITIONS = (
					"DEBUG=1",
					"$(inherited)",
				);
				GCC_WARN_64_TO_32_BIT_CONVERSION = YES;
				GCC_WARN_ABOUT_RETURN_TYPE = YES_ERROR;
				GCC_WARN_UNDECLARED_SELECTOR = YES;
				GCC_WARN_UNINITIALIZED_AUTOS = YES_AGGRESSIVE;
				GCC_WARN_UNUSED_FUNCTION = YES;
				GCC_WARN_UNUSED_VARIABLE = YES;
				IPHONEOS_DEPLOYMENT_TARGET = 16.4;
				MTL_ENABLE_DEBUG_INFO = INCLUDE_SOURCE;
				MTL_FAST_MATH = YES;
				ONLY_ACTIVE_ARCH = YES;
				SDKROOT = iphoneos;
				SWIFT_ACTIVE_COMPILATION_CONDITIONS = DEBUG;
				SWIFT_OPTIMIZATION_LEVEL = "-Onone";
			};
			name = Debug;
		};
		29FE2EC82BDA3A57008F40A4 /* Release */ = {
			isa = XCBuildConfiguration;
			buildSettings = {
				ALWAYS_SEARCH_USER_PATHS = NO;
				CLANG_ANALYZER_NONNULL = YES;
				CLANG_ANALYZER_NUMBER_OBJECT_CONVERSION = YES_AGGRESSIVE;
				CLANG_CXX_LANGUAGE_STANDARD = "gnu++20";
				CLANG_ENABLE_MODULES = YES;
				CLANG_ENABLE_OBJC_ARC = YES;
				CLANG_ENABLE_OBJC_WEAK = YES;
				CLANG_WARN_BLOCK_CAPTURE_AUTORELEASING = YES;
				CLANG_WARN_BOOL_CONVERSION = YES;
				CLANG_WARN_COMMA = YES;
				CLANG_WARN_CONSTANT_CONVERSION = YES;
				CLANG_WARN_DEPRECATED_OBJC_IMPLEMENTATIONS = YES;
				CLANG_WARN_DIRECT_OBJC_ISA_USAGE = YES_ERROR;
				CLANG_WARN_DOCUMENTATION_COMMENTS = YES;
				CLANG_WARN_EMPTY_BODY = YES;
				CLANG_WARN_ENUM_CONVERSION = YES;
				CLANG_WARN_INFINITE_RECURSION = YES;
				CLANG_WARN_INT_CONVERSION = YES;
				CLANG_WARN_NON_LITERAL_NULL_CONVERSION = YES;
				CLANG_WARN_OBJC_IMPLICIT_RETAIN_SELF = YES;
				CLANG_WARN_OBJC_LITERAL_CONVERSION = YES;
				CLANG_WARN_OBJC_ROOT_CLASS = YES_ERROR;
				CLANG_WARN_QUOTED_INCLUDE_IN_FRAMEWORK_HEADER = YES;
				CLANG_WARN_RANGE_LOOP_ANALYSIS = YES;
				CLANG_WARN_STRICT_PROTOTYPES = YES;
				CLANG_WARN_SUSPICIOUS_MOVE = YES;
				CLANG_WARN_UNGUARDED_AVAILABILITY = YES_AGGRESSIVE;
				CLANG_WARN_UNREACHABLE_CODE = YES;
				CLANG_WARN__DUPLICATE_METHOD_MATCH = YES;
				COPY_PHASE_STRIP = NO;
				DEBUG_INFORMATION_FORMAT = "dwarf-with-dsym";
				ENABLE_NS_ASSERTIONS = NO;
				ENABLE_STRICT_OBJC_MSGSEND = YES;
				GCC_C_LANGUAGE_STANDARD = gnu11;
				GCC_NO_COMMON_BLOCKS = YES;
				GCC_WARN_64_TO_32_BIT_CONVERSION = YES;
				GCC_WARN_ABOUT_RETURN_TYPE = YES_ERROR;
				GCC_WARN_UNDECLARED_SELECTOR = YES;
				GCC_WARN_UNINITIALIZED_AUTOS = YES_AGGRESSIVE;
				GCC_WARN_UNUSED_FUNCTION = YES;
				GCC_WARN_UNUSED_VARIABLE = YES;
				IPHONEOS_DEPLOYMENT_TARGET = 16.4;
				MTL_ENABLE_DEBUG_INFO = NO;
				MTL_FAST_MATH = YES;
				SDKROOT = iphoneos;
				SWIFT_COMPILATION_MODE = wholemodule;
				SWIFT_OPTIMIZATION_LEVEL = "-O";
				VALIDATE_PRODUCT = YES;
			};
			name = Release;
		};
		29FE2ECA2BDA3A57008F40A4 /* Debug */ = {
			isa = XCBuildConfiguration;
			buildSettings = {
				ASSETCATALOG_COMPILER_APPICON_NAME = AppIcon;
				ASSETCATALOG_COMPILER_GLOBAL_ACCENT_COLOR_NAME = AccentColor;
				CODE_SIGN_STYLE = Automatic;
				CURRENT_PROJECT_VERSION = 1;
				GENERATE_INFOPLIST_FILE = YES;
				INFOPLIST_FILE = "MovieList-MVVM/Info.plist";
				INFOPLIST_KEY_UIApplicationSupportsIndirectInputEvents = YES;
				INFOPLIST_KEY_UILaunchStoryboardName = LaunchScreen;
				INFOPLIST_KEY_UISupportedInterfaceOrientations = UIInterfaceOrientationPortrait;
				LD_RUNPATH_SEARCH_PATHS = (
					"$(inherited)",
					"@executable_path/Frameworks",
				);
				MARKETING_VERSION = 1.0;
				PRODUCT_BUNDLE_IDENTIFIER = "com.test.MovieList-MVVM";
				PRODUCT_NAME = "$(TARGET_NAME)";
				SUPPORTED_PLATFORMS = "iphoneos iphonesimulator";
				SUPPORTS_MACCATALYST = NO;
				SUPPORTS_MAC_DESIGNED_FOR_IPHONE_IPAD = NO;
				SWIFT_EMIT_LOC_STRINGS = YES;
				SWIFT_VERSION = 5.0;
				TARGETED_DEVICE_FAMILY = 1;
			};
			name = Debug;
		};
		29FE2ECB2BDA3A57008F40A4 /* Release */ = {
			isa = XCBuildConfiguration;
			buildSettings = {
				ASSETCATALOG_COMPILER_APPICON_NAME = AppIcon;
				ASSETCATALOG_COMPILER_GLOBAL_ACCENT_COLOR_NAME = AccentColor;
				CODE_SIGN_STYLE = Automatic;
				CURRENT_PROJECT_VERSION = 1;
				GENERATE_INFOPLIST_FILE = YES;
				INFOPLIST_FILE = "MovieList-MVVM/Info.plist";
				INFOPLIST_KEY_UIApplicationSupportsIndirectInputEvents = YES;
				INFOPLIST_KEY_UILaunchStoryboardName = LaunchScreen;
				INFOPLIST_KEY_UISupportedInterfaceOrientations = UIInterfaceOrientationPortrait;
				LD_RUNPATH_SEARCH_PATHS = (
					"$(inherited)",
					"@executable_path/Frameworks",
				);
				MARKETING_VERSION = 1.0;
				PRODUCT_BUNDLE_IDENTIFIER = "com.test.MovieList-MVVM";
				PRODUCT_NAME = "$(TARGET_NAME)";
				SUPPORTED_PLATFORMS = "iphoneos iphonesimulator";
				SUPPORTS_MACCATALYST = NO;
				SUPPORTS_MAC_DESIGNED_FOR_IPHONE_IPAD = NO;
				SWIFT_EMIT_LOC_STRINGS = YES;
				SWIFT_VERSION = 5.0;
				TARGETED_DEVICE_FAMILY = 1;
			};
			name = Release;
		};
/* End XCBuildConfiguration section */

/* Begin XCConfigurationList section */
		29FE2EB02BDA3A55008F40A4 /* Build configuration list for PBXProject "MovieList-MVVM" */ = {
			isa = XCConfigurationList;
			buildConfigurations = (
				29FE2EC72BDA3A57008F40A4 /* Debug */,
				29FE2EC82BDA3A57008F40A4 /* Release */,
			);
			defaultConfigurationIsVisible = 0;
			defaultConfigurationName = Release;
		};
		29FE2EC92BDA3A57008F40A4 /* Build configuration list for PBXNativeTarget "MovieList-MVVM" */ = {
			isa = XCConfigurationList;
			buildConfigurations = (
				29FE2ECA2BDA3A57008F40A4 /* Debug */,
				29FE2ECB2BDA3A57008F40A4 /* Release */,
			);
			defaultConfigurationIsVisible = 0;
			defaultConfigurationName = Release;
		};
/* End XCConfigurationList section */
	};
	rootObject = 29FE2EAD2BDA3A55008F40A4 /* Project object */;
}
